{
  "name": "ayon_uxp_new",
  "lockfileVersion": 3,
  "requires": true,
  "packages": {
    "": {
      "devDependencies": {
        "@adobe-uxp-types/photoshop": "^0.1.7"
      }
    },
    "node_modules/@adobe-uxp-types/photoshop": {
      "version": "0.1.7",
      "resolved": "https://registry.npmjs.org/@adobe-uxp-types/photoshop/-/photoshop-0.1.7.tgz",
      "integrity": "sha512-8Akidly9zZ1gv5yxka6aay0IMFgJB2Rg5te+Ju2DmWkuf8ZCF7wI9lbLpe+ctqS32x+IK9ws0CFRTmX3WE4UoA==",
      "dev": true,
      "license": "MIT",
      "peerDependencies": {
        "@adobe-uxp-types/uxp": "0.1.3"
      }
    },
    "node_modules/@adobe-uxp-types/uxp": {
      "version": "0.1.3",
      "resolved": "https://registry.npmjs.org/@adobe-uxp-types/uxp/-/uxp-0.1.3.tgz",
      "integrity": "sha512-gAN9csouNd+kFAiwSYi/5XZSg9Tnud9TtVgtqIu//BGvLRkb1wHn6Fk/1W+uLE0lAnvaezhANoHKN7YTsu+EWA==",
      "dev": true,
      "license": "MIT",
      "peer": true
    }
  }
}
